
Microsoft Visual Studio Solution File, Format Version 12.00
# Visual Studio Version 16
VisualStudioVersion = 16.0.29209.152
MinimumVisualStudioVersion = 15.0.26124.0
Project("{2150E333-8FDC-42A3-9474-1A3956D46DE8}") = "src", "src", "{B87BCD36-8EE9-4C17-89CA-83BFE44AF2C8}"
EndProject
Project("{2150E333-8FDC-42A3-9474-1A3956D46DE8}") = "Database", "Database", "{31A3F088-6078-4022-9432-ACEE5BDB51F3}"
EndProject
Project("{9A19103F-16F7-4668-BE54-9A1E7A4F7556}") = "LoLPredict.Database", "src\Database\LoLPredict.Database\LoLPredict.Database.csproj", "{8A24FCD0-B903-42E1-89A1-8705A96146E9}"
EndProject
Project("{9A19103F-16F7-4668-BE54-9A1E7A4F7556}") = "LoLPredict.Database.Models", "src\Database\LoLPredict.Database.Models\LoLPredict.Database.Models.csproj", "{4FB74F9B-6787-4D9D-8F8D-25285DD195DF}"
EndProject
Project("{2150E333-8FDC-42A3-9474-1A3956D46DE8}") = "Web", "Web", "{A6D270F8-1174-4E84-A0D5-EE1F5669B394}"
EndProject
Project("{9A19103F-16F7-4668-BE54-9A1E7A4F7556}") = "LoLPredict.Web", "src\Web\LoLPredict.Web\LoLPredict.Web.csproj", "{21C7F268-5623-4851-A0A3-7EE20DB5553E}"
EndProject
Project("{2150E333-8FDC-42A3-9474-1A3956D46DE8}") = "Pipelines", "Pipelines", "{AB63E851-BCE5-4466-BD6B-732B11DEB7DE}"
EndProject
Project("{9A19103F-16F7-4668-BE54-9A1E7A4F7556}") = "LoLPredict.GamePipeline", "src\Pipelines\LoLPredict.GamePipeline\LoLPredict.GamePipeline.csproj", "{D1B829C7-7105-47BC-9D79-9A0186F27B55}"
EndProject
Project("{9A19103F-16F7-4668-BE54-9A1E7A4F7556}") = "LoLPredict.ModelPipeline", "src\Pipelines\LoLPredict.ModelPipeline\LoLPredict.ModelPipeline.csproj", "{35ACA28C-EC25-4E5A-AB54-547C0F2B8507}"
EndProject
Project("{9A19103F-16F7-4668-BE54-9A1E7A4F7556}") = "LoLPredict.PatchPipeline", "src\Pipelines\LoLPredict.PatchPipeline\LoLPredict.PatchPipeline.csproj", "{87233857-F7C3-4478-A533-8288E4B1531C}"
EndProject
Project("{9A19103F-16F7-4668-BE54-9A1E7A4F7556}") = "LoLPredict.Pipelines", "src\Pipelines\LoLPredict.Pipelines\LoLPredict.Pipelines.csproj", "{02E6396B-98CE-43B3-B052-A760DA4A156B}"
EndProject
Project("{9A19103F-16F7-4668-BE54-9A1E7A4F7556}") = "LoLPredict.Pipelines.DAL", "src\Pipelines\LoLPredict.Pipelines.DAL\LoLPredict.Pipelines.DAL.csproj", "{F01BE509-B20E-43D4-AA10-0725211C1905}"
EndProject
Project("{2150E333-8FDC-42A3-9474-1A3956D46DE8}") = "Solution Items", "Solution Items", "{AEFA2FD5-2869-4AEC-A374-66E8B1AE11CD}"
	ProjectSection(SolutionItems) = preProject
		.editorconfig = .editorconfig
		.gitattributes = .gitattributes
		.gitignore = .gitignore
		README.md = README.md
	EndProjectSection
EndProject
Project("{9A19103F-16F7-4668-BE54-9A1E7A4F7556}") = "RiotApi", "src\Pipelines\RiotApi\RiotApi.csproj", "{96BA0417-4154-400F-873A-5C4C03B83E1F}"
EndProject
Project("{2150E333-8FDC-42A3-9474-1A3956D46DE8}") = "test", "test", "{672C6E8E-81AE-4B68-AF04-38E84D3FC8E3}"
EndProject
Project("{2150E333-8FDC-42A3-9474-1A3956D46DE8}") = "Database", "Database", "{F9BF9A37-0EC2-4646-9DC2-4FF1B673B468}"
EndProject
Project("{2150E333-8FDC-42A3-9474-1A3956D46DE8}") = "Pipelines", "Pipelines", "{ABE74F8A-9840-427F-AA86-91C1E10B305F}"
EndProject
Project("{2150E333-8FDC-42A3-9474-1A3956D46DE8}") = "Web", "Web", "{9CD429C9-3D10-4D38-8358-7D4CCFC82B46}"
EndProject
Project("{9A19103F-16F7-4668-BE54-9A1E7A4F7556}") = "LoLPredict.Database.Models.Tests", "test\Database\LoLPredict.Database.Models.Tests\LoLPredict.Database.Models.Tests.csproj", "{FF59B33D-3790-48D1-BDBB-651403DC5A6D}"
EndProject
Project("{FAE04EC0-301F-11D3-BF4B-00C04F79EFBC}") = "LoLPredict.Web.Tests", "test\Web\LoLPredict.Web.Tests\LoLPredict.Web.Tests.csproj", "{764DAAE1-3098-449D-89B0-A414983762EB}"
EndProject
Project("{FAE04EC0-301F-11D3-BF4B-00C04F79EFBC}") = "LoLPredict.Pipelines.Tests", "test\Pipelines\LoLPredict.Pipelines.Tests\LoLPredict.Pipelines.Tests.csproj", "{8DF9E5BB-9727-4499-B3D4-E4460C474734}"
EndProject
Global
	GlobalSection(SolutionConfigurationPlatforms) = preSolution
		Debug|Any CPU = Debug|Any CPU
		Debug|x64 = Debug|x64
		Debug|x86 = Debug|x86
		Release|Any CPU = Release|Any CPU
		Release|x64 = Release|x64
		Release|x86 = Release|x86
	EndGlobalSection
	GlobalSection(ProjectConfigurationPlatforms) = postSolution
		{8A24FCD0-B903-42E1-89A1-8705A96146E9}.Debug|Any CPU.ActiveCfg = Debug|Any CPU
		{8A24FCD0-B903-42E1-89A1-8705A96146E9}.Debug|Any CPU.Build.0 = Debug|Any CPU
		{8A24FCD0-B903-42E1-89A1-8705A96146E9}.Debug|x64.ActiveCfg = Debug|Any CPU
		{8A24FCD0-B903-42E1-89A1-8705A96146E9}.Debug|x64.Build.0 = Debug|Any CPU
		{8A24FCD0-B903-42E1-89A1-8705A96146E9}.Debug|x86.ActiveCfg = Debug|Any CPU
		{8A24FCD0-B903-42E1-89A1-8705A96146E9}.Debug|x86.Build.0 = Debug|Any CPU
		{8A24FCD0-B903-42E1-89A1-8705A96146E9}.Release|Any CPU.ActiveCfg = Release|Any CPU
		{8A24FCD0-B903-42E1-89A1-8705A96146E9}.Release|Any CPU.Build.0 = Release|Any CPU
		{8A24FCD0-B903-42E1-89A1-8705A96146E9}.Release|x64.ActiveCfg = Release|Any CPU
		{8A24FCD0-B903-42E1-89A1-8705A96146E9}.Release|x64.Build.0 = Release|Any CPU
		{8A24FCD0-B903-42E1-89A1-8705A96146E9}.Release|x86.ActiveCfg = Release|Any CPU
		{8A24FCD0-B903-42E1-89A1-8705A96146E9}.Release|x86.Build.0 = Release|Any CPU
		{4FB74F9B-6787-4D9D-8F8D-25285DD195DF}.Debug|Any CPU.ActiveCfg = Debug|Any CPU
		{4FB74F9B-6787-4D9D-8F8D-25285DD195DF}.Debug|Any CPU.Build.0 = Debug|Any CPU
		{4FB74F9B-6787-4D9D-8F8D-25285DD195DF}.Debug|x64.ActiveCfg = Debug|Any CPU
		{4FB74F9B-6787-4D9D-8F8D-25285DD195DF}.Debug|x64.Build.0 = Debug|Any CPU
		{4FB74F9B-6787-4D9D-8F8D-25285DD195DF}.Debug|x86.ActiveCfg = Debug|Any CPU
		{4FB74F9B-6787-4D9D-8F8D-25285DD195DF}.Debug|x86.Build.0 = Debug|Any CPU
		{4FB74F9B-6787-4D9D-8F8D-25285DD195DF}.Release|Any CPU.ActiveCfg = Release|Any CPU
		{4FB74F9B-6787-4D9D-8F8D-25285DD195DF}.Release|Any CPU.Build.0 = Release|Any CPU
		{4FB74F9B-6787-4D9D-8F8D-25285DD195DF}.Release|x64.ActiveCfg = Release|Any CPU
		{4FB74F9B-6787-4D9D-8F8D-25285DD195DF}.Release|x64.Build.0 = Release|Any CPU
		{4FB74F9B-6787-4D9D-8F8D-25285DD195DF}.Release|x86.ActiveCfg = Release|Any CPU
		{4FB74F9B-6787-4D9D-8F8D-25285DD195DF}.Release|x86.Build.0 = Release|Any CPU
		{21C7F268-5623-4851-A0A3-7EE20DB5553E}.Debug|Any CPU.ActiveCfg = Debug|Any CPU
		{21C7F268-5623-4851-A0A3-7EE20DB5553E}.Debug|Any CPU.Build.0 = Debug|Any CPU
		{21C7F268-5623-4851-A0A3-7EE20DB5553E}.Debug|x64.ActiveCfg = Debug|Any CPU
		{21C7F268-5623-4851-A0A3-7EE20DB5553E}.Debug|x64.Build.0 = Debug|Any CPU
		{21C7F268-5623-4851-A0A3-7EE20DB5553E}.Debug|x86.ActiveCfg = Debug|Any CPU
		{21C7F268-5623-4851-A0A3-7EE20DB5553E}.Debug|x86.Build.0 = Debug|Any CPU
		{21C7F268-5623-4851-A0A3-7EE20DB5553E}.Release|Any CPU.ActiveCfg = Release|Any CPU
		{21C7F268-5623-4851-A0A3-7EE20DB5553E}.Release|Any CPU.Build.0 = Release|Any CPU
		{21C7F268-5623-4851-A0A3-7EE20DB5553E}.Release|x64.ActiveCfg = Release|Any CPU
		{21C7F268-5623-4851-A0A3-7EE20DB5553E}.Release|x64.Build.0 = Release|Any CPU
		{21C7F268-5623-4851-A0A3-7EE20DB5553E}.Release|x86.ActiveCfg = Release|Any CPU
		{21C7F268-5623-4851-A0A3-7EE20DB5553E}.Release|x86.Build.0 = Release|Any CPU
		{D1B829C7-7105-47BC-9D79-9A0186F27B55}.Debug|Any CPU.ActiveCfg = Debug|Any CPU
		{D1B829C7-7105-47BC-9D79-9A0186F27B55}.Debug|Any CPU.Build.0 = Debug|Any CPU
		{D1B829C7-7105-47BC-9D79-9A0186F27B55}.Debug|x64.ActiveCfg = Debug|Any CPU
		{D1B829C7-7105-47BC-9D79-9A0186F27B55}.Debug|x64.Build.0 = Debug|Any CPU
		{D1B829C7-7105-47BC-9D79-9A0186F27B55}.Debug|x86.ActiveCfg = Debug|Any CPU
		{D1B829C7-7105-47BC-9D79-9A0186F27B55}.Debug|x86.Build.0 = Debug|Any CPU
		{D1B829C7-7105-47BC-9D79-9A0186F27B55}.Release|Any CPU.ActiveCfg = Release|Any CPU
		{D1B829C7-7105-47BC-9D79-9A0186F27B55}.Release|Any CPU.Build.0 = Release|Any CPU
		{D1B829C7-7105-47BC-9D79-9A0186F27B55}.Release|x64.ActiveCfg = Release|Any CPU
		{D1B829C7-7105-47BC-9D79-9A0186F27B55}.Release|x64.Build.0 = Release|Any CPU
		{D1B829C7-7105-47BC-9D79-9A0186F27B55}.Release|x86.ActiveCfg = Release|Any CPU
		{D1B829C7-7105-47BC-9D79-9A0186F27B55}.Release|x86.Build.0 = Release|Any CPU
		{35ACA28C-EC25-4E5A-AB54-547C0F2B8507}.Debug|Any CPU.ActiveCfg = Debug|Any CPU
		{35ACA28C-EC25-4E5A-AB54-547C0F2B8507}.Debug|Any CPU.Build.0 = Debug|Any CPU
		{35ACA28C-EC25-4E5A-AB54-547C0F2B8507}.Debug|x64.ActiveCfg = Debug|Any CPU
		{35ACA28C-EC25-4E5A-AB54-547C0F2B8507}.Debug|x64.Build.0 = Debug|Any CPU
		{35ACA28C-EC25-4E5A-AB54-547C0F2B8507}.Debug|x86.ActiveCfg = Debug|Any CPU
		{35ACA28C-EC25-4E5A-AB54-547C0F2B8507}.Debug|x86.Build.0 = Debug|Any CPU
		{35ACA28C-EC25-4E5A-AB54-547C0F2B8507}.Release|Any CPU.ActiveCfg = Release|Any CPU
		{35ACA28C-EC25-4E5A-AB54-547C0F2B8507}.Release|Any CPU.Build.0 = Release|Any CPU
		{35ACA28C-EC25-4E5A-AB54-547C0F2B8507}.Release|x64.ActiveCfg = Release|Any CPU
		{35ACA28C-EC25-4E5A-AB54-547C0F2B8507}.Release|x64.Build.0 = Release|Any CPU
		{35ACA28C-EC25-4E5A-AB54-547C0F2B8507}.Release|x86.ActiveCfg = Release|Any CPU
		{35ACA28C-EC25-4E5A-AB54-547C0F2B8507}.Release|x86.Build.0 = Release|Any CPU
		{87233857-F7C3-4478-A533-8288E4B1531C}.Debug|Any CPU.ActiveCfg = Debug|Any CPU
		{87233857-F7C3-4478-A533-8288E4B1531C}.Debug|Any CPU.Build.0 = Debug|Any CPU
		{87233857-F7C3-4478-A533-8288E4B1531C}.Debug|x64.ActiveCfg = Debug|Any CPU
		{87233857-F7C3-4478-A533-8288E4B1531C}.Debug|x64.Build.0 = Debug|Any CPU
		{87233857-F7C3-4478-A533-8288E4B1531C}.Debug|x86.ActiveCfg = Debug|Any CPU
		{87233857-F7C3-4478-A533-8288E4B1531C}.Debug|x86.Build.0 = Debug|Any CPU
		{87233857-F7C3-4478-A533-8288E4B1531C}.Release|Any CPU.ActiveCfg = Release|Any CPU
		{87233857-F7C3-4478-A533-8288E4B1531C}.Release|Any CPU.Build.0 = Release|Any CPU
		{87233857-F7C3-4478-A533-8288E4B1531C}.Release|x64.ActiveCfg = Release|Any CPU
		{87233857-F7C3-4478-A533-8288E4B1531C}.Release|x64.Build.0 = Release|Any CPU
		{87233857-F7C3-4478-A533-8288E4B1531C}.Release|x86.ActiveCfg = Release|Any CPU
		{87233857-F7C3-4478-A533-8288E4B1531C}.Release|x86.Build.0 = Release|Any CPU
		{02E6396B-98CE-43B3-B052-A760DA4A156B}.Debug|Any CPU.ActiveCfg = Debug|Any CPU
		{02E6396B-98CE-43B3-B052-A760DA4A156B}.Debug|Any CPU.Build.0 = Debug|Any CPU
		{02E6396B-98CE-43B3-B052-A760DA4A156B}.Debug|x64.ActiveCfg = Debug|Any CPU
		{02E6396B-98CE-43B3-B052-A760DA4A156B}.Debug|x64.Build.0 = Debug|Any CPU
		{02E6396B-98CE-43B3-B052-A760DA4A156B}.Debug|x86.ActiveCfg = Debug|Any CPU
		{02E6396B-98CE-43B3-B052-A760DA4A156B}.Debug|x86.Build.0 = Debug|Any CPU
		{02E6396B-98CE-43B3-B052-A760DA4A156B}.Release|Any CPU.ActiveCfg = Release|Any CPU
		{02E6396B-98CE-43B3-B052-A760DA4A156B}.Release|Any CPU.Build.0 = Release|Any CPU
		{02E6396B-98CE-43B3-B052-A760DA4A156B}.Release|x64.ActiveCfg = Release|Any CPU
		{02E6396B-98CE-43B3-B052-A760DA4A156B}.Release|x64.Build.0 = Release|Any CPU
		{02E6396B-98CE-43B3-B052-A760DA4A156B}.Release|x86.ActiveCfg = Release|Any CPU
		{02E6396B-98CE-43B3-B052-A760DA4A156B}.Release|x86.Build.0 = Release|Any CPU
		{F01BE509-B20E-43D4-AA10-0725211C1905}.Debug|Any CPU.ActiveCfg = Debug|Any CPU
		{F01BE509-B20E-43D4-AA10-0725211C1905}.Debug|Any CPU.Build.0 = Debug|Any CPU
		{F01BE509-B20E-43D4-AA10-0725211C1905}.Debug|x64.ActiveCfg = Debug|Any CPU
		{F01BE509-B20E-43D4-AA10-0725211C1905}.Debug|x64.Build.0 = Debug|Any CPU
		{F01BE509-B20E-43D4-AA10-0725211C1905}.Debug|x86.ActiveCfg = Debug|Any CPU
		{F01BE509-B20E-43D4-AA10-0725211C1905}.Debug|x86.Build.0 = Debug|Any CPU
		{F01BE509-B20E-43D4-AA10-0725211C1905}.Release|Any CPU.ActiveCfg = Release|Any CPU
		{F01BE509-B20E-43D4-AA10-0725211C1905}.Release|Any CPU.Build.0 = Release|Any CPU
		{F01BE509-B20E-43D4-AA10-0725211C1905}.Release|x64.ActiveCfg = Release|Any CPU
		{F01BE509-B20E-43D4-AA10-0725211C1905}.Release|x64.Build.0 = Release|Any CPU
		{F01BE509-B20E-43D4-AA10-0725211C1905}.Release|x86.ActiveCfg = Release|Any CPU
		{F01BE509-B20E-43D4-AA10-0725211C1905}.Release|x86.Build.0 = Release|Any CPU
		{96BA0417-4154-400F-873A-5C4C03B83E1F}.Debug|Any CPU.ActiveCfg = Debug|Any CPU
		{96BA0417-4154-400F-873A-5C4C03B83E1F}.Debug|Any CPU.Build.0 = Debug|Any CPU
		{96BA0417-4154-400F-873A-5C4C03B83E1F}.Debug|x64.ActiveCfg = Debug|Any CPU
		{96BA0417-4154-400F-873A-5C4C03B83E1F}.Debug|x64.Build.0 = Debug|Any CPU
		{96BA0417-4154-400F-873A-5C4C03B83E1F}.Debug|x86.ActiveCfg = Debug|Any CPU
		{96BA0417-4154-400F-873A-5C4C03B83E1F}.Debug|x86.Build.0 = Debug|Any CPU
		{96BA0417-4154-400F-873A-5C4C03B83E1F}.Release|Any CPU.ActiveCfg = Release|Any CPU
		{96BA0417-4154-400F-873A-5C4C03B83E1F}.Release|Any CPU.Build.0 = Release|Any CPU
		{96BA0417-4154-400F-873A-5C4C03B83E1F}.Release|x64.ActiveCfg = Release|Any CPU
		{96BA0417-4154-400F-873A-5C4C03B83E1F}.Release|x64.Build.0 = Release|Any CPU
		{96BA0417-4154-400F-873A-5C4C03B83E1F}.Release|x86.ActiveCfg = Release|Any CPU
		{96BA0417-4154-400F-873A-5C4C03B83E1F}.Release|x86.Build.0 = Release|Any CPU
		{FF59B33D-3790-48D1-BDBB-651403DC5A6D}.Debug|Any CPU.ActiveCfg = Debug|Any CPU
		{FF59B33D-3790-48D1-BDBB-651403DC5A6D}.Debug|Any CPU.Build.0 = Debug|Any CPU
		{FF59B33D-3790-48D1-BDBB-651403DC5A6D}.Debug|x64.ActiveCfg = Debug|Any CPU
		{FF59B33D-3790-48D1-BDBB-651403DC5A6D}.Debug|x64.Build.0 = Debug|Any CPU
		{FF59B33D-3790-48D1-BDBB-651403DC5A6D}.Debug|x86.ActiveCfg = Debug|Any CPU
		{FF59B33D-3790-48D1-BDBB-651403DC5A6D}.Debug|x86.Build.0 = Debug|Any CPU
		{FF59B33D-3790-48D1-BDBB-651403DC5A6D}.Release|Any CPU.ActiveCfg = Release|Any CPU
		{FF59B33D-3790-48D1-BDBB-651403DC5A6D}.Release|Any CPU.Build.0 = Release|Any CPU
		{FF59B33D-3790-48D1-BDBB-651403DC5A6D}.Release|x64.ActiveCfg = Release|Any CPU
		{FF59B33D-3790-48D1-BDBB-651403DC5A6D}.Release|x64.Build.0 = Release|Any CPU
		{FF59B33D-3790-48D1-BDBB-651403DC5A6D}.Release|x86.ActiveCfg = Release|Any CPU
		{FF59B33D-3790-48D1-BDBB-651403DC5A6D}.Release|x86.Build.0 = Release|Any CPU
		{764DAAE1-3098-449D-89B0-A414983762EB}.Debug|Any CPU.ActiveCfg = Debug|Any CPU
		{764DAAE1-3098-449D-89B0-A414983762EB}.Debug|Any CPU.Build.0 = Debug|Any CPU
		{764DAAE1-3098-449D-89B0-A414983762EB}.Debug|x64.ActiveCfg = Debug|Any CPU
		{764DAAE1-3098-449D-89B0-A414983762EB}.Debug|x64.Build.0 = Debug|Any CPU
		{764DAAE1-3098-449D-89B0-A414983762EB}.Debug|x86.ActiveCfg = Debug|Any CPU
		{764DAAE1-3098-449D-89B0-A414983762EB}.Debug|x86.Build.0 = Debug|Any CPU
		{764DAAE1-3098-449D-89B0-A414983762EB}.Release|Any CPU.ActiveCfg = Release|Any CPU
		{764DAAE1-3098-449D-89B0-A414983762EB}.Release|Any CPU.Build.0 = Release|Any CPU
		{764DAAE1-3098-449D-89B0-A414983762EB}.Release|x64.ActiveCfg = Release|Any CPU
		{764DAAE1-3098-449D-89B0-A414983762EB}.Release|x64.Build.0 = Release|Any CPU
		{764DAAE1-3098-449D-89B0-A414983762EB}.Release|x86.ActiveCfg = Release|Any CPU
		{764DAAE1-3098-449D-89B0-A414983762EB}.Release|x86.Build.0 = Release|Any CPU
		{8DF9E5BB-9727-4499-B3D4-E4460C474734}.Debug|Any CPU.ActiveCfg = Debug|Any CPU
		{8DF9E5BB-9727-4499-B3D4-E4460C474734}.Debug|Any CPU.Build.0 = Debug|Any CPU
		{8DF9E5BB-9727-4499-B3D4-E4460C474734}.Debug|x64.ActiveCfg = Debug|Any CPU
		{8DF9E5BB-9727-4499-B3D4-E4460C474734}.Debug|x64.Build.0 = Debug|Any CPU
		{8DF9E5BB-9727-4499-B3D4-E4460C474734}.Debug|x86.ActiveCfg = Debug|Any CPU
		{8DF9E5BB-9727-4499-B3D4-E4460C474734}.Debug|x86.Build.0 = Debug|Any CPU
		{8DF9E5BB-9727-4499-B3D4-E4460C474734}.Release|Any CPU.ActiveCfg = Release|Any CPU
		{8DF9E5BB-9727-4499-B3D4-E4460C474734}.Release|Any CPU.Build.0 = Release|Any CPU
		{8DF9E5BB-9727-4499-B3D4-E4460C474734}.Release|x64.ActiveCfg = Release|Any CPU
		{8DF9E5BB-9727-4499-B3D4-E4460C474734}.Release|x64.Build.0 = Release|Any CPU
		{8DF9E5BB-9727-4499-B3D4-E4460C474734}.Release|x86.ActiveCfg = Release|Any CPU
		{8DF9E5BB-9727-4499-B3D4-E4460C474734}.Release|x86.Build.0 = Release|Any CPU
	EndGlobalSection
	GlobalSection(SolutionProperties) = preSolution
		HideSolutionNode = FALSE
	EndGlobalSection
	GlobalSection(NestedProjects) = preSolution
		{31A3F088-6078-4022-9432-ACEE5BDB51F3} = {B87BCD36-8EE9-4C17-89CA-83BFE44AF2C8}
		{8A24FCD0-B903-42E1-89A1-8705A96146E9} = {31A3F088-6078-4022-9432-ACEE5BDB51F3}
		{4FB74F9B-6787-4D9D-8F8D-25285DD195DF} = {31A3F088-6078-4022-9432-ACEE5BDB51F3}
		{A6D270F8-1174-4E84-A0D5-EE1F5669B394} = {B87BCD36-8EE9-4C17-89CA-83BFE44AF2C8}
		{21C7F268-5623-4851-A0A3-7EE20DB5553E} = {A6D270F8-1174-4E84-A0D5-EE1F5669B394}
		{AB63E851-BCE5-4466-BD6B-732B11DEB7DE} = {B87BCD36-8EE9-4C17-89CA-83BFE44AF2C8}
		{D1B829C7-7105-47BC-9D79-9A0186F27B55} = {AB63E851-BCE5-4466-BD6B-732B11DEB7DE}
		{35ACA28C-EC25-4E5A-AB54-547C0F2B8507} = {AB63E851-BCE5-4466-BD6B-732B11DEB7DE}
		{87233857-F7C3-4478-A533-8288E4B1531C} = {AB63E851-BCE5-4466-BD6B-732B11DEB7DE}
		{02E6396B-98CE-43B3-B052-A760DA4A156B} = {AB63E851-BCE5-4466-BD6B-732B11DEB7DE}
		{F01BE509-B20E-43D4-AA10-0725211C1905} = {AB63E851-BCE5-4466-BD6B-732B11DEB7DE}
		{96BA0417-4154-400F-873A-5C4C03B83E1F} = {AB63E851-BCE5-4466-BD6B-732B11DEB7DE}
		{F9BF9A37-0EC2-4646-9DC2-4FF1B673B468} = {672C6E8E-81AE-4B68-AF04-38E84D3FC8E3}
		{ABE74F8A-9840-427F-AA86-91C1E10B305F} = {672C6E8E-81AE-4B68-AF04-38E84D3FC8E3}
		{9CD429C9-3D10-4D38-8358-7D4CCFC82B46} = {672C6E8E-81AE-4B68-AF04-38E84D3FC8E3}
		{FF59B33D-3790-48D1-BDBB-651403DC5A6D} = {F9BF9A37-0EC2-4646-9DC2-4FF1B673B468}
		{764DAAE1-3098-449D-89B0-A414983762EB} = {9CD429C9-3D10-4D38-8358-7D4CCFC82B46}
		{8DF9E5BB-9727-4499-B3D4-E4460C474734} = {ABE74F8A-9840-427F-AA86-91C1E10B305F}
	EndGlobalSection
	GlobalSection(ExtensibilityGlobals) = postSolution
		SolutionGuid = {34B27DE9-B782-4023-89A8-515D094D093F}
	EndGlobalSection
EndGlobal
